
Microsoft Visual Studio Solution File, Format Version 12.00
# Visual Studio Version 17
VisualStudioVersion = 17.1.32421.90
MinimumVisualStudioVersion = 10.0.40219.1
Project("{9A19103F-16F7-4668-BE54-9A1E7A4F7556}") = "ExchangeRate", "ExchangeRate.csproj", "{DC31F31F-9986-4574-8F77-2A96191B3D5A}"
EndProject
Global
	GlobalSection(SolutionConfigurationPlatforms) = preSolution
		Debug|Any CPU = Debug|Any CPU
		Release|Any CPU = Release|Any CPU
	EndGlobalSection
	GlobalSection(ProjectConfigurationPlatforms) = postSolution
		{DC31F31F-9986-4574-8F77-2A96191B3D5A}.Debug|Any CPU.ActiveCfg = Debug|Any CPU
		{DC31F31F-9986-4574-8F77-2A96191B3D5A}.Debug|Any CPU.Build.0 = Debug|Any CPU
		{DC31F31F-9986-4574-8F77-2A96191B3D5A}.Release|Any CPU.ActiveCfg = Release|Any CPU
		{DC31F31F-9986-4574-8F77-2A96191B3D5A}.Release|Any CPU.Build.0 = Release|Any CPU
	EndGlobalSection
	GlobalSection(SolutionProperties) = preSolution
		HideSolutionNode = FALSE
	EndGlobalSection
	GlobalSection(ExtensibilityGlobals) = postSolution
		SolutionGuid = {5A073721-269C-4849-8440-1A5385513600}
	EndGlobalSection
EndGlobal
